
Microsoft Visual Studio Solution File, Format Version 12.00
# Visual Studio Version 17
VisualStudioVersion = 17.2.32630.192
MinimumVisualStudioVersion = 10.0.40219.1
Project("{FAE04EC0-301F-11D3-BF4B-00C04F79EFBC}") = "SearchAndAutomation", "SearchAndAutomation\SearchAndAutomation.csproj", "{80E81B1D-EB16-4F70-88E4-1D7BF9D974FD}"
EndProject
Global
	GlobalSection(SolutionConfigurationPlatforms) = preSolution
		Debug|Any CPU = Debug|Any CPU
		Release|Any CPU = Release|Any CPU
	EndGlobalSection
	GlobalSection(ProjectConfigurationPlatforms) = postSolution
		{80E81B1D-EB16-4F70-88E4-1D7BF9D974FD}.Debug|Any CPU.ActiveCfg = Debug|Any CPU
		{80E81B1D-EB16-4F70-88E4-1D7BF9D974FD}.Debug|Any CPU.Build.0 = Debug|Any CPU
		{80E81B1D-EB16-4F70-88E4-1D7BF9D974FD}.Release|Any CPU.ActiveCfg = Release|Any CPU
		{80E81B1D-EB16-4F70-88E4-1D7BF9D974FD}.Release|Any CPU.Build.0 = Release|Any CPU
	EndGlobalSection
	GlobalSection(SolutionProperties) = preSolution
		HideSolutionNode = FALSE
	EndGlobalSection
	GlobalSection(ExtensibilityGlobals) = postSolution
		SolutionGuid = {9CF91C5E-D3F5-4B30-A04A-4F2437E8C061}
	EndGlobalSection
EndGlobal
